
Microsoft Visual Studio Solution File, Format Version 12.00
# Visual Studio 15
VisualStudioVersion = 15.0.26730.15
MinimumVisualStudioVersion = 10.0.40219.1
Project("{9A19103F-16F7-4668-BE54-9A1E7A4F7556}") = "day03", "day05\day03.csproj", "{75096BC4-C300-4A4B-B8AC-1CE175BA3DA5}"
EndProject
Global
	GlobalSection(SolutionConfigurationPlatforms) = preSolution
		Debug|Any CPU = Debug|Any CPU
		Release|Any CPU = Release|Any CPU
	EndGlobalSection
	GlobalSection(ProjectConfigurationPlatforms) = postSolution
		{75096BC4-C300-4A4B-B8AC-1CE175BA3DA5}.Debug|Any CPU.ActiveCfg = Debug|Any CPU
		{75096BC4-C300-4A4B-B8AC-1CE175BA3DA5}.Debug|Any CPU.Build.0 = Debug|Any CPU
		{75096BC4-C300-4A4B-B8AC-1CE175BA3DA5}.Release|Any CPU.ActiveCfg = Release|Any CPU
		{75096BC4-C300-4A4B-B8AC-1CE175BA3DA5}.Release|Any CPU.Build.0 = Release|Any CPU
	EndGlobalSection
	GlobalSection(SolutionProperties) = preSolution
		HideSolutionNode = FALSE
	EndGlobalSection
	GlobalSection(ExtensibilityGlobals) = postSolution
		SolutionGuid = {576EB996-C84F-45F2-9135-ED4EA9634AF1}
	EndGlobalSection
EndGlobal
